
Microsoft Visual Studio Solution File, Format Version 12.00
# Visual Studio Version 16
VisualStudioVersion = 16.0.30611.23
MinimumVisualStudioVersion = 10.0.40219.1
Project("{888888A0-9F3D-457C-B088-3A5042F75D52}") = "award-informer", "award-informer.pyproj", "{4DF03A8E-FB39-4732-BABC-3B0A57D13B52}"
EndProject
Global
	GlobalSection(SolutionConfigurationPlatforms) = preSolution
		Debug|Any CPU = Debug|Any CPU
		Release|Any CPU = Release|Any CPU
	EndGlobalSection
	GlobalSection(ProjectConfigurationPlatforms) = postSolution
		{4DF03A8E-FB39-4732-BABC-3B0A57D13B52}.Debug|Any CPU.ActiveCfg = Debug|Any CPU
		{4DF03A8E-FB39-4732-BABC-3B0A57D13B52}.Release|Any CPU.ActiveCfg = Release|Any CPU
	EndGlobalSection
	GlobalSection(SolutionProperties) = preSolution
		HideSolutionNode = FALSE
	EndGlobalSection
	GlobalSection(ExtensibilityGlobals) = postSolution
		SolutionGuid = {82D2EA3B-4305-4417-9955-C6BA4082B1C8}
	EndGlobalSection
EndGlobal
